
Microsoft Visual Studio Solution File, Format Version 12.00
# Visual Studio Version 16
VisualStudioVersion = 16.0.31005.135
MinimumVisualStudioVersion = 10.0.40219.1
Project("{FAE04EC0-301F-11D3-BF4B-00C04F79EFBC}") = "WebApplication1", "WebApplication1\WebApplication1.csproj", "{1625CA1D-B804-4C2D-B53A-DF7DC6138FDB}"
EndProject
Global
	GlobalSection(SolutionConfigurationPlatforms) = preSolution
		Debug|Any CPU = Debug|Any CPU
		Release|Any CPU = Release|Any CPU
	EndGlobalSection
	GlobalSection(ProjectConfigurationPlatforms) = postSolution
		{1625CA1D-B804-4C2D-B53A-DF7DC6138FDB}.Debug|Any CPU.ActiveCfg = Debug|Any CPU
		{1625CA1D-B804-4C2D-B53A-DF7DC6138FDB}.Debug|Any CPU.Build.0 = Debug|Any CPU
		{1625CA1D-B804-4C2D-B53A-DF7DC6138FDB}.Release|Any CPU.ActiveCfg = Release|Any CPU
		{1625CA1D-B804-4C2D-B53A-DF7DC6138FDB}.Release|Any CPU.Build.0 = Release|Any CPU
	EndGlobalSection
	GlobalSection(SolutionProperties) = preSolution
		HideSolutionNode = FALSE
	EndGlobalSection
	GlobalSection(ExtensibilityGlobals) = postSolution
		SolutionGuid = {A6B56C67-B17C-416B-8842-EF7AC249E4CA}
	EndGlobalSection
EndGlobal
